// !$*UTF8*$!
{
	archiveVersion = 1;
	classes = {
	};
	objectVersion = 77;
	objects = {

/* Begin PBXBuildFile section */
		AF3026532FACC0DE00333AA5 /* Auth in Frameworks */ = {isa = PBXBuildFile; productRef = AF3026522FACC0DE00333AA5 /* Auth */; };
		AF3026552FACC0DE00333AA5 /* Functions in Frameworks */ = {isa = PBXBuildFile; productRef = AF3026542FACC0DE00333AA5 /* Functions */; };
		AF3026572FACC0DE00333AA5 /* PostgREST in Frameworks */ = {isa = PBXBuildFile; productRef = AF3026562FACC0DE00333AA5 /* PostgREST */; };
		AF3026592FACC0DE00333AA5 /* Realtime in Frameworks */ = {isa = PBXBuildFile; productRef = AF3026582FACC0DE00333AA5 /* Realtime */; };
		AF30265B2FACC0DE00333AA5 /* Storage in Frameworks */ = {isa = PBXBuildFile; productRef = AF30265A2FACC0DE00333AA5 /* Storage */; };
/* End PBXBuildFile section */

/* Begin PBXContainerItemProxy section */
		AF89D6162FA8265F00671CDB /* PBXContainerItemProxy */ = {
			isa = PBXContainerItemProxy;
			containerPortal = AF89D6002FA8265D00671CDB /* Project object */;
			proxyType = 1;
			remoteGlobalIDString = AF89D6072FA8265D00671CDB;
			remoteInfo = Insightful;
		};
		AF89D6202FA8265F00671CDB /* PBXContainerItemProxy */ = {
			isa = PBXContainerItemProxy;
			containerPortal = AF89D6002FA8265D00671CDB /* Project object */;
			proxyType = 1;
			remoteGlobalIDString = AF89D6072FA8265D00671CDB;
			remoteInfo = Insightful;
		};
/* End PBXContainerItemProxy section */

/* Begin PBXFileReference section */
		AF89D6082FA8265D00671CDB /* Insightful.app */ = {isa = PBXFileReference; explicitFileType = wrapper.application; includeInIndex = 0; path = Insightful.app; sourceTree = BUILT_PRODUCTS_DIR; };
		AF89D6152FA8265F00671CDB /* InsightfulTests.xctest */ = {isa = PBXFileReference; explicitFileType = wrapper.cfbundle; includeInIndex = 0; path = InsightfulTests.xctest; sourceTree = BUILT_PRODUCTS_DIR; };
		AF89D61F2FA8265F00671CDB /* InsightfulUITests.xctest */ = {isa = PBXFileReference; explicitFileType = wrapper.cfbundle; includeInIndex = 0; path = InsightfulUITests.xctest; sourceTree = BUILT_PRODUCTS_DIR; };
/* End PBXFileReference section */

/* Begin PBXFileSystemSynchronizedBuildFileExceptionSet section */
		AF40D7B42FB69A3B00268B3A /* Exceptions for "Insightful" folder in "Insightful" target */ = {
			isa = PBXFileSystemSynchronizedBuildFileExceptionSet;
			membershipExceptions = (
				Info.plist,
			);
			target = AF89D6072FA8265D00671CDB /* Insightful */;
		};
/* End PBXFileSystemSynchronizedBuildFileExceptionSet section */

/* Begin PBXFileSystemSynchronizedRootGroup section */
		AF89D60A2FA8265D00671CDB /* Insightful */ = {
			isa = PBXFileSystemSynchronizedRootGroup;
			exceptions = (
				AF40D7B42FB69A3B00268B3A /* Exceptions for "Insightful" folder in "Insightful" target */,
			);
			path = Insightful;
			sourceTree = "<group>";
		};
		AF89D6182FA8265F00671CDB /* InsightfulTests */ = {
			isa = PBXFileSystemSynchronizedRootGroup;
			path = InsightfulTests;
			sourceTree = "<group>";
		};
		AF89D6222FA8265F00671CDB /* InsightfulUITests */ = {
			isa = PBXFileSystemSynchronizedRootGroup;
			path = InsightfulUITests;
			sourceTree = "<group>";
		};
/* End PBXFileSystemSynchronizedRootGroup section */

/* Begin PBXFrameworksBuildPhase section */
		AF89D6052FA8265D00671CDB /* Frameworks */ = {
			isa = PBXFrameworksBuildPhase;
			buildActionMask = 2147483647;
			files = (
				AF3026572FACC0DE00333AA5 /* PostgREST in Frameworks */,
				AF3026552FACC0DE00333AA5 /* Functions in Frameworks */,
				AF3026532FACC0DE00333AA5 /* Auth in Frameworks */,
				AF30265B2FACC0DE00333AA5 /* Storage in Frameworks */,
				AF3026592FACC0DE00333AA5 /* Realtime in Frameworks */,
			);
			runOnlyForDeploymentPostprocessing = 0;
		};
		AF89D6122FA8265F00671CDB /* Frameworks */ = {
			isa = PBXFrameworksBuildPhase;
			buildActionMask = 2147483647;
			files = (
			);
			runOnlyForDeploymentPostprocessing = 0;
		};
		AF89D61C2FA8265F00671CDB /* Frameworks */ = {
			isa = PBXFrameworksBuildPhase;
			buildActionMask = 2147483647;
			files = (
			);
			runOnlyForDeploymentPostprocessing = 0;
		};
/* End PBXFrameworksBuildPhase section */

/* Begin PBXGroup section */
		AF89D5FF2FA8265D00671CDB = {
			isa = PBXGroup;
			children = (
				AF89D60A2FA8265D00671CDB /* Insightful */,
				AF89D6182FA8265F00671CDB /* InsightfulTests */,
				AF89D6222FA8265F00671CDB /* InsightfulUITests */,
				AF89D6092FA8265D00671CDB /* Products */,
			);
			sourceTree = "<group>";
		};
		AF89D6092FA8265D00671CDB /* Products */ = {
			isa = PBXGroup;
			children = (
				AF89D6082FA8265D00671CDB /* Insightful.app */,
				AF89D6152FA8265F00671CDB /* InsightfulTests.xctest */,
				AF89D61F2FA8265F00671CDB /* InsightfulUITests.xctest */,
			);
			name = Products;
			sourceTree = "<group>";
		};
/* End PBXGroup section */

/* Begin PBXNativeTarget section */
		AF89D6072FA8265D00671CDB /* Insightful */ = {
			isa = PBXNativeTarget;
			buildConfigurationList = AF89D6292FA8265F00671CDB /* Build configuration list for PBXNativeTarget "Insightful" */;
			buildPhases = (
				AF89D6042FA8265D00671CDB /* Sources */,
				AF89D6052FA8265D00671CDB /* Frameworks */,
				AF89D6062FA8265D00671CDB /* Resources */,
			);
			buildRules = (
			);
			dependencies = (
			);
			fileSystemSynchronizedGroups = (
				AF89D60A2FA8265D00671CDB /* Insightful */,
			);
			name = Insightful;
			packageProductDependencies = (
				AF3026522FACC0DE00333AA5 /* Auth */,
				AF3026542FACC0DE00333AA5 /* Functions */,
				AF3026562FACC0DE00333AA5 /* PostgREST */,
				AF3026582FACC0DE00333AA5 /* Realtime */,
				AF30265A2FACC0DE00333AA5 /* Storage */,
			);
			productName = Insightful;
			productReference = AF89D6082FA8265D00671CDB /* Insightful.app */;
			productType = "com.apple.product-type.application";
		};
		AF89D6142FA8265F00671CDB /* InsightfulTests */ = {
			isa = PBXNativeTarget;
			buildConfigurationList = AF89D62C2FA8265F00671CDB /* Build configuration list for PBXNativeTarget "InsightfulTests" */;
			buildPhases = (
				AF89D6112FA8265F00671CDB /* Sources */,
				AF89D6122FA8265F00671CDB /* Frameworks */,
				AF89D6132FA8265F00671CDB /* Resources */,
			);
			buildRules = (
			);
			dependencies = (
				AF89D6172FA8265F00671CDB /* PBXTargetDependency */,
			);
			fileSystemSynchronizedGroups = (
				AF89D6182FA8265F00671CDB /* InsightfulTests */,
			);
			name = InsightfulTests;
			packageProductDependencies = (
			);
			productName = InsightfulTests;
			productReference = AF89D6152FA8265F00671CDB /* InsightfulTests.xctest */;
			productType = "com.apple.product-type.bundle.unit-test";
		};
		AF89D61E2FA8265F00671CDB /* InsightfulUITests */ = {
			isa = PBXNativeTarget;
			buildConfigurationList = AF89D62F2FA8265F00671CDB /* Build configuration list for PBXNativeTarget "InsightfulUITests" */;
			buildPhases = (
				AF89D61B2FA8265F00671CDB /* Sources */,
				AF89D61C2FA8265F00671CDB /* Frameworks */,
				AF89D61D2FA8265F00671CDB /* Resources */,
			);
			buildRules = (
			);
			dependencies = (
				AF89D6212FA8265F00671CDB /* PBXTargetDependency */,
			);
			fileSystemSynchronizedGroups = (
				AF89D6222FA8265F00671CDB /* InsightfulUITests */,
			);
			name = InsightfulUITests;
			packageProductDependencies = (
			);
			productName = InsightfulUITests;
			productReference = AF89D61F2FA8265F00671CDB /* InsightfulUITests.xctest */;
			productType = "com.apple.product-type.bundle.ui-testing";
		};
/* End PBXNativeTarget section */

/* Begin PBXProject section */
		AF89D6002FA8265D00671CDB /* Project object */ = {
			isa = PBXProject;
			attributes = {
				BuildIndependentTargetsInParallel = 1;
				LastSwiftUpdateCheck = 2630;
				LastUpgradeCheck = 2630;
				TargetAttributes = {
					AF89D6072FA8265D00671CDB = {
						CreatedOnToolsVersion = 26.3;
					};
					AF89D6142FA8265F00671CDB = {
						CreatedOnToolsVersion = 26.3;
						TestTargetID = AF89D6072FA8265D00671CDB;
					};
					AF89D61E2FA8265F00671CDB = {
						CreatedOnToolsVersion = 26.3;
						TestTargetID = AF89D6072FA8265D00671CDB;
					};
				};
			};
			buildConfigurationList = AF89D6032FA8265D00671CDB /* Build configuration list for PBXProject "Insightful" */;
			developmentRegion = en;
			hasScannedForEncodings = 0;
			knownRegions = (
				en,
				Base,
			);
			mainGroup = AF89D5FF2FA8265D00671CDB;
			minimizedProjectReferenceProxies = 1;
			packageReferences = (
				AF3026512FACC0DD00333AA5 /* XCRemoteSwiftPackageReference "supabase-swift" */,
			);
			preferredProjectObjectVersion = 77;
			productRefGroup = AF89D6092FA8265D00671CDB /* Products */;
			projectDirPath = "";
			projectRoot = "";
			targets = (
				AF89D6072FA8265D00671CDB /* Insightful */,
				AF89D6142FA8265F00671CDB /* InsightfulTests */,
				AF89D61E2FA8265F00671CDB /* InsightfulUITests */,
			);
		};
/* End PBXProject section */

/* Begin PBXResourcesBuildPhase section */
		AF89D6062FA8265D00671CDB /* Resources */ = {
			isa = PBXResourcesBuildPhase;
			buildActionMask = 2147483647;
			files = (
			);
			runOnlyForDeploymentPostprocessing = 0;
		};
		AF89D6132FA8265F00671CDB /* Resources */ = {
			isa = PBXResourcesBuildPhase;
			buildActionMask = 2147483647;
			files = (
			);
			runOnlyForDeploymentPostprocessing = 0;
		};
		AF89D61D2FA8265F00671CDB /* Resources */ = {
			isa = PBXResourcesBuildPhase;
			buildActionMask = 2147483647;
			files = (
			);
			runOnlyForDeploymentPostprocessing = 0;
		};
/* End PBXResourcesBuildPhase section */

/* Begin PBXSourcesBuildPhase section */
		AF89D6042FA8265D00671CDB /* Sources */ = {
			isa = PBXSourcesBuildPhase;
			buildActionMask = 2147483647;
			files = (
			);
			runOnlyForDeploymentPostprocessing = 0;
		};
		AF89D6112FA8265F00671CDB /* Sources */ = {
			isa = PBXSourcesBuildPhase;
			buildActionMask = 2147483647;
			files = (
			);
			runOnlyForDeploymentPostprocessing = 0;
		};
		AF89D61B2FA8265F00671CDB /* Sources */ = {
			isa = PBXSourcesBuildPhase;
			buildActionMask = 2147483647;
			files = (
			);
			runOnlyForDeploymentPostprocessing = 0;
		};
/* End PBXSourcesBuildPhase section */

/* Begin PBXTargetDependency section */
		AF89D6172FA8265F00671CDB /* PBXTargetDependency */ = {
			isa = PBXTargetDependency;
			target = AF89D6072FA8265D00671CDB /* Insightful */;
			targetProxy = AF89D6162FA8265F00671CDB /* PBXContainerItemProxy */;
		};
		AF89D6212FA8265F00671CDB /* PBXTargetDependency */ = {
			isa = PBXTargetDependency;
			target = AF89D6072FA8265D00671CDB /* Insightful */;
			targetProxy = AF89D6202FA8265F00671CDB /* PBXContainerItemProxy */;
		};
/* End PBXTargetDependency section */

/* Begin XCBuildConfiguration section */
		AF89D6272FA8265F00671CDB /* Debug */ = {
			isa = XCBuildConfiguration;
			buildSettings = {
				ALWAYS_SEARCH_USER_PATHS = NO;
				ASSETCATALOG_COMPILER_GENERATE_SWIFT_ASSET_SYMBOL_EXTENSIONS = YES;
				CLANG_ANALYZER_NONNULL = YES;
				CLANG_ANALYZER_NUMBER_OBJECT_CONVERSION = YES_AGGRESSIVE;
				CLANG_CXX_LANGUAGE_STANDARD = "gnu++20";
				CLANG_ENABLE_MODULES = YES;
				CLANG_ENABLE_OBJC_ARC = YES;
				CLANG_ENABLE_OBJC_WEAK = YES;
				CLANG_WARN_BLOCK_CAPTURE_AUTORELEASING = YES;
				CLANG_WARN_BOOL_CONVERSION = YES;
				CLANG_WARN_COMMA = YES;
				CLANG_WARN_CONSTANT_CONVERSION = YES;
				CLANG_WARN_DEPRECATED_OBJC_IMPLEMENTATIONS = YES;
				CLANG_WARN_DIRECT_OBJC_ISA_USAGE = YES_ERROR;
				CLANG_WARN_DOCUMENTATION_COMMENTS = YES;
				CLANG_WARN_EMPTY_BODY = YES;
				CLANG_WARN_ENUM_CONVERSION = YES;
				CLANG_WARN_INFINITE_RECURSION = YES;
				CLANG_WARN_INT_CONVERSION = YES;
				CLANG_WARN_NON_LITERAL_NULL_CONVERSION = YES;
				CLANG_WARN_OBJC_IMPLICIT_RETAIN_SELF = YES;
				CLANG_WARN_OBJC_LITERAL_CONVERSION = YES;
				CLANG_WARN_OBJC_ROOT_CLASS = YES_ERROR;
				CLANG_WARN_QUOTED_INCLUDE_IN_FRAMEWORK_HEADER = YES;
				CLANG_WARN_RANGE_LOOP_ANALYSIS = YES;
				CLANG_WARN_STRICT_PROTOTYPES = YES;
				CLANG_WARN_SUSPICIOUS_MOVE = YES;
				CLANG_WARN_UNGUARDED_AVAILABILITY = YES_AGGRESSIVE;
				CLANG_WARN_UNREACHABLE_CODE = YES;
				CLANG_WARN__DUPLICATE_METHOD_MATCH = YES;
				COPY_PHASE_STRIP = NO;
				DEBUG_INFORMATION_FORMAT = dwarf;
				DEVELOPMENT_TEAM = EURL27CLKV;
				ENABLE_STRICT_OBJC_MSGSEND = YES;
				ENABLE_TESTABILITY = YES;
				ENABLE_USER_SCRIPT_SANDBOXING = YES;
				GCC_C_LANGUAGE_STANDARD = gnu17;
				GCC_DYNAMIC_NO_PIC = NO;
				GCC_NO_COMMON_BLOCKS = YES;
				GCC_OPTIMIZATION_LEVEL = 0;
				GCC_PREPROCESSOR_DEFINITIONS = (
					"DEBUG=1",
					"$(inherited)",
				);
				GCC_WARN_64_TO_32_BIT_CONVERSION = YES;
				GCC_WARN_ABOUT_RETURN_TYPE = YES_ERROR;
				GCC_WARN_UNDECLARED_SELECTOR = YES;
				GCC_WARN_UNINITIALIZED_AUTOS = YES_AGGRESSIVE;
				GCC_WARN_UNUSED_FUNCTION = YES;
				GCC_WARN_UNUSED_VARIABLE = YES;
				IPHONEOS_DEPLOYMENT_TARGET = 26.2;
				LOCALIZATION_PREFERS_STRING_CATALOGS = YES;
				MTL_ENABLE_DEBUG_INFO = INCLUDE_SOURCE;
				MTL_FAST_MATH = YES;
				ONLY_ACTIVE_ARCH = YES;
				SDKROOT = iphoneos;
				SWIFT_ACTIVE_COMPILATION_CONDITIONS = "DEBUG $(inherited)";
				SWIFT_OPTIMIZATION_LEVEL = "-Onone";
			};
			name = Debug;
		};
		AF89D6282FA8265F00671CDB /* Release */ = {
			isa = XCBuildConfiguration;
			buildSettings = {
				ALWAYS_SEARCH_USER_PATHS = NO;
				ASSETCATALOG_COMPILER_GENERATE_SWIFT_ASSET_SYMBOL_EXTENSIONS = YES;
				CLANG_ANALYZER_NONNULL = YES;
				CLANG_ANALYZER_NUMBER_OBJECT_CONVERSION = YES_AGGRESSIVE;
				CLANG_CXX_LANGUAGE_STANDARD = "gnu++20";
				CLANG_ENABLE_MODULES = YES;
				CLANG_ENABLE_OBJC_ARC = YES;
				CLANG_ENABLE_OBJC_WEAK = YES;
				CLANG_WARN_BLOCK_CAPTURE_AUTORELEASING = YES;
				CLANG_WARN_BOOL_CONVERSION = YES;
				CLANG_WARN_COMMA = YES;
				CLANG_WARN_CONSTANT_CONVERSION = YES;
				CLANG_WARN_DEPRECATED_OBJC_IMPLEMENTATIONS = YES;
				CLANG_WARN_DIRECT_OBJC_ISA_USAGE = YES_ERROR;
				CLANG_WARN_DOCUMENTATION_COMMENTS = YES;
				CLANG_WARN_EMPTY_BODY = YES;
				CLANG_WARN_ENUM_CONVERSION = YES;
				CLANG_WARN_INFINITE_RECURSION = YES;
				CLANG_WARN_INT_CONVERSION = YES;
				CLANG_WARN_NON_LITERAL_NULL_CONVERSION = YES;
				CLANG_WARN_OBJC_IMPLICIT_RETAIN_SELF = YES;
				CLANG_WARN_OBJC_LITERAL_CONVERSION = YES;
				CLANG_WARN_OBJC_ROOT_CLASS = YES_ERROR;
				CLANG_WARN_QUOTED_INCLUDE_IN_FRAMEWORK_HEADER = YES;
				CLANG_WARN_RANGE_LOOP_ANALYSIS = YES;
				CLANG_WARN_STRICT_PROTOTYPES = YES;
				CLANG_WARN_SUSPICIOUS_MOVE = YES;
				CLANG_WARN_UNGUARDED_AVAILABILITY = YES_AGGRESSIVE;
				CLANG_WARN_UNREACHABLE_CODE = YES;
				CLANG_WARN__DUPLICATE_METHOD_MATCH = YES;
				COPY_PHASE_STRIP = NO;
				DEBUG_INFORMATION_FORMAT = "dwarf-with-dsym";
				DEVELOPMENT_TEAM = EURL27CLKV;
				ENABLE_NS_ASSERTIONS = NO;
				ENABLE_STRICT_OBJC_MSGSEND = YES;
				ENABLE_USER_SCRIPT_SANDBOXING = YES;
				GCC_C_LANGUAGE_STANDARD = gnu17;
				GCC_NO_COMMON_BLOCKS = YES;
				GCC_WARN_64_TO_32_BIT_CONVERSION = YES;
				GCC_WARN_ABOUT_RETURN_TYPE = YES_ERROR;
				GCC_WARN_UNDECLARED_SELECTOR = YES;
				GCC_WARN_UNINITIALIZED_AUTOS = YES_AGGRESSIVE;
				GCC_WARN_UNUSED_FUNCTION = YES;
				GCC_WARN_UNUSED_VARIABLE = YES;
				IPHONEOS_DEPLOYMENT_TARGET = 26.2;
				LOCALIZATION_PREFERS_STRING_CATALOGS = YES;
				MTL_ENABLE_DEBUG_INFO = NO;
				MTL_FAST_MATH = YES;
				SDKROOT = iphoneos;
				SWIFT_COMPILATION_MODE = wholemodule;
				VALIDATE_PRODUCT = YES;
			};
			name = Release;
		};
		AF89D62A2FA8265F00671CDB /* Debug */ = {
			isa = XCBuildConfiguration;
			buildSettings = {
				ASSETCATALOG_COMPILER_APPICON_NAME = AppIcon;
				ASSETCATALOG_COMPILER_GLOBAL_ACCENT_COLOR_NAME = AccentColor;
				CODE_SIGN_ENTITLEMENTS = Insightful/Insightful.entitlements;
				CODE_SIGN_STYLE = Automatic;
				CURRENT_PROJECT_VERSION = 1;
				DEVELOPMENT_TEAM = EURL27CLKV;
				ENABLE_PREVIEWS = YES;
				GENERATE_INFOPLIST_FILE = YES;
				INFOPLIST_FILE = Insightful/Info.plist;
				INFOPLIST_KEY_LSApplicationCategoryType = "public.app-category.healthcare-fitness";
				INFOPLIST_KEY_NSHealthShareUsageDescription = "  Insightful uses your Apple Health metrics to generate personalized daily insights about your training and recovery.";
				INFOPLIST_KEY_UIApplicationSceneManifest_Generation = YES;
				INFOPLIST_KEY_UIApplicationSupportsIndirectInputEvents = YES;
				INFOPLIST_KEY_UILaunchScreen_Generation = YES;
				INFOPLIST_KEY_UISupportedInterfaceOrientations = "UIInterfaceOrientationLandscapeLeft UIInterfaceOrientationLandscapeRight UIInterfaceOrientationPortrait";
				INFOPLIST_KEY_UISupportedInterfaceOrientations_iPad = "UIInterfaceOrientationLandscapeLeft UIInterfaceOrientationLandscapeRight UIInterfaceOrientationPortrait UIInterfaceOrientationPortraitUpsideDown";
				IPHONEOS_DEPLOYMENT_TARGET = 18;
				LD_RUNPATH_SEARCH_PATHS = (
					"$(inherited)",
					"@executable_path/Frameworks",
				);
				MARKETING_VERSION = 1.0;
				PRODUCT_BUNDLE_IDENTIFIER = com.andywong.Insightful;
				PRODUCT_NAME = "$(TARGET_NAME)";
				STRING_CATALOG_GENERATE_SYMBOLS = YES;
				SUPPORTED_PLATFORMS = "iphoneos iphonesimulator";
				SUPPORTS_MACCATALYST = NO;
				SUPPORTS_MAC_DESIGNED_FOR_IPHONE_IPAD = NO;
				SUPPORTS_XR_DESIGNED_FOR_IPHONE_IPAD = NO;
				SWIFT_APPROACHABLE_CONCURRENCY = YES;
				SWIFT_EMIT_LOC_STRINGS = YES;
				SWIFT_UPCOMING_FEATURE_MEMBER_IMPORT_VISIBILITY = YES;
				SWIFT_VERSION = 5.0;
				TARGETED_DEVICE_FAMILY = "1,2";
			};
			name = Debug;
		};
		AF89D62B2FA8265F00671CDB /* Release */ = {
			isa = XCBuildConfiguration;
			buildSettings = {
				ASSETCATALOG_COMPILER_APPICON_NAME = AppIcon;
				ASSETCATALOG_COMPILER_GLOBAL_ACCENT_COLOR_NAME = AccentColor;
				CODE_SIGN_ENTITLEMENTS = Insightful/Insightful.entitlements;
				CODE_SIGN_STYLE = Automatic;
				CURRENT_PROJECT_VERSION = 1;
				DEVELOPMENT_TEAM = EURL27CLKV;
				ENABLE_PREVIEWS = YES;
				GENERATE_INFOPLIST_FILE = YES;
				INFOPLIST_FILE = Insightful/Info.plist;
				INFOPLIST_KEY_LSApplicationCategoryType = "public.app-category.healthcare-fitness";
				INFOPLIST_KEY_NSHealthShareUsageDescription = "  Insightful uses your Apple Health metrics to generate personalized daily insights about your training and recovery.";
				INFOPLIST_KEY_UIApplicationSceneManifest_Generation = YES;
				INFOPLIST_KEY_UIApplicationSupportsIndirectInputEvents = YES;
				INFOPLIST_KEY_UILaunchScreen_Generation = YES;
				INFOPLIST_KEY_UISupportedInterfaceOrientations = "UIInterfaceOrientationLandscapeLeft UIInterfaceOrientationLandscapeRight UIInterfaceOrientationPortrait";
				INFOPLIST_KEY_UISupportedInterfaceOrientations_iPad = "UIInterfaceOrientationLandscapeLeft UIInterfaceOrientationLandscapeRight UIInterfaceOrientationPortrait UIInterfaceOrientationPortraitUpsideDown";
				IPHONEOS_DEPLOYMENT_TARGET = 18;
				LD_RUNPATH_SEARCH_PATHS = (
					"$(inherited)",
					"@executable_path/Frameworks",
				);
				MARKETING_VERSION = 1.0;
				PRODUCT_BUNDLE_IDENTIFIER = com.andy.Insightful;
				PRODUCT_NAME = "$(TARGET_NAME)";
				STRING_CATALOG_GENERATE_SYMBOLS = YES;
				SUPPORTED_PLATFORMS = "iphoneos iphonesimulator";
				SUPPORTS_MACCATALYST = NO;
				SUPPORTS_MAC_DESIGNED_FOR_IPHONE_IPAD = NO;
				SUPPORTS_XR_DESIGNED_FOR_IPHONE_IPAD = NO;
				SWIFT_APPROACHABLE_CONCURRENCY = YES;
				SWIFT_EMIT_LOC_STRINGS = YES;
				SWIFT_UPCOMING_FEATURE_MEMBER_IMPORT_VISIBILITY = YES;
				SWIFT_VERSION = 5.0;
				TARGETED_DEVICE_FAMILY = "1,2";
			};
			name = Release;
		};
		AF89D62D2FA8265F00671CDB /* Debug */ = {
			isa = XCBuildConfiguration;
			buildSettings = {
				BUNDLE_LOADER = "$(TEST_HOST)";
				CODE_SIGN_STYLE = Automatic;
				CURRENT_PROJECT_VERSION = 1;
				DEVELOPMENT_TEAM = EURL27CLKV;
				GENERATE_INFOPLIST_FILE = YES;
				IPHONEOS_DEPLOYMENT_TARGET = 26.2;
				MARKETING_VERSION = 1.0;
				PRODUCT_BUNDLE_IDENTIFIER = com.andy.InsightfulTests;
				PRODUCT_NAME = "$(TARGET_NAME)";
				STRING_CATALOG_GENERATE_SYMBOLS = NO;
				SWIFT_APPROACHABLE_CONCURRENCY = YES;
				SWIFT_EMIT_LOC_STRINGS = NO;
				SWIFT_UPCOMING_FEATURE_MEMBER_IMPORT_VISIBILITY = YES;
				SWIFT_VERSION = 5.0;
				TARGETED_DEVICE_FAMILY = "1,2";
				TEST_HOST = "$(BUILT_PRODUCTS_DIR)/Insightful.app/$(BUNDLE_EXECUTABLE_FOLDER_PATH)/Insightful";
			};
			name = Debug;
		};
		AF89D62E2FA8265F00671CDB /* Release */ = {
			isa = XCBuildConfiguration;
			buildSettings = {
				BUNDLE_LOADER = "$(TEST_HOST)";
				CODE_SIGN_STYLE = Automatic;
				CURRENT_PROJECT_VERSION = 1;
				DEVELOPMENT_TEAM = EURL27CLKV;
				GENERATE_INFOPLIST_FILE = YES;
				IPHONEOS_DEPLOYMENT_TARGET = 26.2;
				MARKETING_VERSION = 1.0;
				PRODUCT_BUNDLE_IDENTIFIER = com.andy.InsightfulTests;
				PRODUCT_NAME = "$(TARGET_NAME)";
				STRING_CATALOG_GENERATE_SYMBOLS = NO;
				SWIFT_APPROACHABLE_CONCURRENCY = YES;
				SWIFT_EMIT_LOC_STRINGS = NO;
				SWIFT_UPCOMING_FEATURE_MEMBER_IMPORT_VISIBILITY = YES;
				SWIFT_VERSION = 5.0;
				TARGETED_DEVICE_FAMILY = "1,2";
				TEST_HOST = "$(BUILT_PRODUCTS_DIR)/Insightful.app/$(BUNDLE_EXECUTABLE_FOLDER_PATH)/Insightful";
			};
			name = Release;
		};
		AF89D6302FA8265F00671CDB /* Debug */ = {
			isa = XCBuildConfiguration;
			buildSettings = {
				CODE_SIGN_STYLE = Automatic;
				CURRENT_PROJECT_VERSION = 1;
				DEVELOPMENT_TEAM = EURL27CLKV;
				GENERATE_INFOPLIST_FILE = YES;
				MARKETING_VERSION = 1.0;
				PRODUCT_BUNDLE_IDENTIFIER = com.andy.InsightfulUITests;
				PRODUCT_NAME = "$(TARGET_NAME)";
				STRING_CATALOG_GENERATE_SYMBOLS = NO;
				SWIFT_APPROACHABLE_CONCURRENCY = YES;
				SWIFT_EMIT_LOC_STRINGS = NO;
				SWIFT_UPCOMING_FEATURE_MEMBER_IMPORT_VISIBILITY = YES;
				SWIFT_VERSION = 5.0;
				TARGETED_DEVICE_FAMILY = "1,2";
				TEST_TARGET_NAME = Insightful;
			};
			name = Debug;
		};
		AF89D6312FA8265F00671CDB /* Release */ = {
			isa = XCBuildConfiguration;
			buildSettings = {
				CODE_SIGN_STYLE = Automatic;
				CURRENT_PROJECT_VERSION = 1;
				DEVELOPMENT_TEAM = EURL27CLKV;
				GENERATE_INFOPLIST_FILE = YES;
				MARKETING_VERSION = 1.0;
				PRODUCT_BUNDLE_IDENTIFIER = com.andy.InsightfulUITests;
				PRODUCT_NAME = "$(TARGET_NAME)";
				STRING_CATALOG_GENERATE_SYMBOLS = NO;
				SWIFT_APPROACHABLE_CONCURRENCY = YES;
				SWIFT_EMIT_LOC_STRINGS = NO;
				SWIFT_UPCOMING_FEATURE_MEMBER_IMPORT_VISIBILITY = YES;
				SWIFT_VERSION = 5.0;
				TARGETED_DEVICE_FAMILY = "1,2";
				TEST_TARGET_NAME = Insightful;
			};
			name = Release;
		};
/* End XCBuildConfiguration section */

/* Begin XCConfigurationList section */
		AF89D6032FA8265D00671CDB /* Build configuration list for PBXProject "Insightful" */ = {
			isa = XCConfigurationList;
			buildConfigurations = (
				AF89D6272FA8265F00671CDB /* Debug */,
				AF89D6282FA8265F00671CDB /* Release */,
			);
			defaultConfigurationIsVisible = 0;
			defaultConfigurationName = Release;
		};
		AF89D6292FA8265F00671CDB /* Build configuration list for PBXNativeTarget "Insightful" */ = {
			isa = XCConfigurationList;
			buildConfigurations = (
				AF89D62A2FA8265F00671CDB /* Debug */,
				AF89D62B2FA8265F00671CDB /* Release */,
			);
			defaultConfigurationIsVisible = 0;
			defaultConfigurationName = Release;
		};
		AF89D62C2FA8265F00671CDB /* Build configuration list for PBXNativeTarget "InsightfulTests" */ = {
			isa = XCConfigurationList;
			buildConfigurations = (
				AF89D62D2FA8265F00671CDB /* Debug */,
				AF89D62E2FA8265F00671CDB /* Release */,
			);
			defaultConfigurationIsVisible = 0;
			defaultConfigurationName = Release;
		};
		AF89D62F2FA8265F00671CDB /* Build configuration list for PBXNativeTarget "InsightfulUITests" */ = {
			isa = XCConfigurationList;
			buildConfigurations = (
				AF89D6302FA8265F00671CDB /* Debug */,
				AF89D6312FA8265F00671CDB /* Release */,
			);
			defaultConfigurationIsVisible = 0;
			defaultConfigurationName = Release;
		};
/* End XCConfigurationList section */

/* Begin XCRemoteSwiftPackageReference section */
		AF3026512FACC0DD00333AA5 /* XCRemoteSwiftPackageReference "supabase-swift" */ = {
			isa = XCRemoteSwiftPackageReference;
			repositoryURL = "https://github.com/supabase/supabase-swift.git";
			requirement = {
				kind = revision;
				revision = 06ae7b34ec21406cbd3e643bee7a8a54206fa8f5;
			};
		};
/* End XCRemoteSwiftPackageReference section */

/* Begin XCSwiftPackageProductDependency section */
		AF3026522FACC0DE00333AA5 /* Auth */ = {
			isa = XCSwiftPackageProductDependency;
			package = AF3026512FACC0DD00333AA5 /* XCRemoteSwiftPackageReference "supabase-swift" */;
			productName = Auth;
		};
		AF3026542FACC0DE00333AA5 /* Functions */ = {
			isa = XCSwiftPackageProductDependency;
			package = AF3026512FACC0DD00333AA5 /* XCRemoteSwiftPackageReference "supabase-swift" */;
			productName = Functions;
		};
		AF3026562FACC0DE00333AA5 /* PostgREST */ = {
			isa = XCSwiftPackageProductDependency;
			package = AF3026512FACC0DD00333AA5 /* XCRemoteSwiftPackageReference "supabase-swift" */;
			productName = PostgREST;
		};
		AF3026582FACC0DE00333AA5 /* Realtime */ = {
			isa = XCSwiftPackageProductDependency;
			package = AF3026512FACC0DD00333AA5 /* XCRemoteSwiftPackageReference "supabase-swift" */;
			productName = Realtime;
		};
		AF30265A2FACC0DE00333AA5 /* Storage */ = {
			isa = XCSwiftPackageProductDependency;
			package = AF3026512FACC0DD00333AA5 /* XCRemoteSwiftPackageReference "supabase-swift" */;
			productName = Storage;
		};
/* End XCSwiftPackageProductDependency section */
	};
	rootObject = AF89D6002FA8265D00671CDB /* Project object */;
}
